
Microsoft Visual Studio Solution File, Format Version 12.00
# Visual Studio 15
VisualStudioVersion = 15.0.28010.2050
MinimumVisualStudioVersion = 10.0.40219.1
Project("{FAE04EC0-301F-11D3-BF4B-00C04F79EFBC}") = "Task1", "Task1\Task1.csproj", "{C64ABE8C-766B-43CD-873A-B8E76876DED6}"
EndProject
Project("{FAE04EC0-301F-11D3-BF4B-00C04F79EFBC}") = "Task2", "Task2\Task2.csproj", "{46914BBA-B377-472D-97D3-883C43811515}"
EndProject
Project("{FAE04EC0-301F-11D3-BF4B-00C04F79EFBC}") = "Task6", "Lesson1ClassLibrary\Task6.csproj", "{BF23576B-A9FD-4C18-8B89-F0314CC93977}"
EndProject
Project("{FAE04EC0-301F-11D3-BF4B-00C04F79EFBC}") = "Task3", "Task3\Task3.csproj", "{23DB1FAE-DA40-4A25-A0F7-32ADEC77DDB0}"
EndProject
Project("{FAE04EC0-301F-11D3-BF4B-00C04F79EFBC}") = "Task4", "Task4\Task4.csproj", "{CD256971-69D5-4C38-9092-CE6D99CBAEA4}"
EndProject
Global
	GlobalSection(SolutionConfigurationPlatforms) = preSolution
		Debug|Any CPU = Debug|Any CPU
		Release|Any CPU = Release|Any CPU
	EndGlobalSection
	GlobalSection(ProjectConfigurationPlatforms) = postSolution
		{C64ABE8C-766B-43CD-873A-B8E76876DED6}.Debug|Any CPU.ActiveCfg = Debug|Any CPU
		{C64ABE8C-766B-43CD-873A-B8E76876DED6}.Debug|Any CPU.Build.0 = Debug|Any CPU
		{C64ABE8C-766B-43CD-873A-B8E76876DED6}.Release|Any CPU.ActiveCfg = Release|Any CPU
		{C64ABE8C-766B-43CD-873A-B8E76876DED6}.Release|Any CPU.Build.0 = Release|Any CPU
		{46914BBA-B377-472D-97D3-883C43811515}.Debug|Any CPU.ActiveCfg = Debug|Any CPU
		{46914BBA-B377-472D-97D3-883C43811515}.Debug|Any CPU.Build.0 = Debug|Any CPU
		{46914BBA-B377-472D-97D3-883C43811515}.Release|Any CPU.ActiveCfg = Release|Any CPU
		{46914BBA-B377-472D-97D3-883C43811515}.Release|Any CPU.Build.0 = Release|Any CPU
		{BF23576B-A9FD-4C18-8B89-F0314CC93977}.Debug|Any CPU.ActiveCfg = Debug|Any CPU
		{BF23576B-A9FD-4C18-8B89-F0314CC93977}.Debug|Any CPU.Build.0 = Debug|Any CPU
		{BF23576B-A9FD-4C18-8B89-F0314CC93977}.Release|Any CPU.ActiveCfg = Release|Any CPU
		{BF23576B-A9FD-4C18-8B89-F0314CC93977}.Release|Any CPU.Build.0 = Release|Any CPU
		{23DB1FAE-DA40-4A25-A0F7-32ADEC77DDB0}.Debug|Any CPU.ActiveCfg = Debug|Any CPU
		{23DB1FAE-DA40-4A25-A0F7-32ADEC77DDB0}.Debug|Any CPU.Build.0 = Debug|Any CPU
		{23DB1FAE-DA40-4A25-A0F7-32ADEC77DDB0}.Release|Any CPU.ActiveCfg = Release|Any CPU
		{23DB1FAE-DA40-4A25-A0F7-32ADEC77DDB0}.Release|Any CPU.Build.0 = Release|Any CPU
		{CD256971-69D5-4C38-9092-CE6D99CBAEA4}.Debug|Any CPU.ActiveCfg = Debug|Any CPU
		{CD256971-69D5-4C38-9092-CE6D99CBAEA4}.Debug|Any CPU.Build.0 = Debug|Any CPU
		{CD256971-69D5-4C38-9092-CE6D99CBAEA4}.Release|Any CPU.ActiveCfg = Release|Any CPU
		{CD256971-69D5-4C38-9092-CE6D99CBAEA4}.Release|Any CPU.Build.0 = Release|Any CPU
	EndGlobalSection
	GlobalSection(SolutionProperties) = preSolution
		HideSolutionNode = FALSE
	EndGlobalSection
	GlobalSection(ExtensibilityGlobals) = postSolution
		SolutionGuid = {5BFDE018-0163-4EAB-93FF-F405917D9863}
	EndGlobalSection
EndGlobal
